// !$*UTF8*$!
{
	archiveVersion = 1;
	classes = {
	};
	objectVersion = 70;
	objects = {

/* Begin PBXBuildFile section */
		E918B55C2F991E6C009520CC /* InlineSnapshotTesting in Frameworks */ = {isa = PBXBuildFile; productRef = E918B55B2F991E6C009520CC /* InlineSnapshotTesting */; };
		E918B55E2F991E6C009520CC /* SnapshotTesting in Frameworks */ = {isa = PBXBuildFile; productRef = E918B55D2F991E6C009520CC /* SnapshotTesting */; };
		E918B5602F991E6C009520CC /* SnapshotTestingCustomDump in Frameworks */ = {isa = PBXBuildFile; productRef = E918B55F2F991E6C009520CC /* SnapshotTestingCustomDump */; };
		E94BDA5B2F96250400D9D1EE /* Kingfisher in Frameworks */ = {isa = PBXBuildFile; productRef = E94BDA5A2F96250400D9D1EE /* Kingfisher */; };
/* End PBXBuildFile section */

/* Begin PBXContainerItemProxy section */
		E9E8FF3D2F92BD8700CEA57C /* PBXContainerItemProxy */ = {
			isa = PBXContainerItemProxy;
			containerPortal = 1A0E3A8D2862F7E200132FCB /* Project object */;
			proxyType = 1;
			remoteGlobalIDString = E9E8FF2F2F92BD8600CEA57C;
			remoteInfo = WallaRobots;
		};
		E9E8FF472F92BD8800CEA57C /* PBXContainerItemProxy */ = {
			isa = PBXContainerItemProxy;
			containerPortal = 1A0E3A8D2862F7E200132FCB /* Project object */;
			proxyType = 1;
			remoteGlobalIDString = E9E8FF2F2F92BD8600CEA57C;
			remoteInfo = WallaRobots;
		};
/* End PBXContainerItemProxy section */

/* Begin PBXFileReference section */
		E9E8FF302F92BD8600CEA57C /* WallaRobots.app */ = {isa = PBXFileReference; explicitFileType = wrapper.application; includeInIndex = 0; path = WallaRobots.app; sourceTree = BUILT_PRODUCTS_DIR; };
		E9E8FF3C2F92BD8700CEA57C /* WallaRobotsTests.xctest */ = {isa = PBXFileReference; explicitFileType = wrapper.cfbundle; includeInIndex = 0; path = WallaRobotsTests.xctest; sourceTree = BUILT_PRODUCTS_DIR; };
		E9E8FF462F92BD8800CEA57C /* WallaRobotsUITests.xctest */ = {isa = PBXFileReference; explicitFileType = wrapper.cfbundle; includeInIndex = 0; path = WallaRobotsUITests.xctest; sourceTree = BUILT_PRODUCTS_DIR; };
/* End PBXFileReference section */

/* Begin PBXFileSystemSynchronizedBuildFileExceptionSet section */
		E94BDA5D2F963B3100D9D1EE /* PBXFileSystemSynchronizedBuildFileExceptionSet */ = {
			isa = PBXFileSystemSynchronizedBuildFileExceptionSet;
			membershipExceptions = (
				Fakes/FakeRobotService.swift,
				Resources/test_robots.json,
			);
			target = E9E8FF2F2F92BD8600CEA57C /* WallaRobots */;
		};
		E964726D2F96EB6800EC7D32 /* PBXFileSystemSynchronizedBuildFileExceptionSet */ = {
			isa = PBXFileSystemSynchronizedBuildFileExceptionSet;
			membershipExceptions = (
				Fakes/FakeRobotService.swift,
			);
			target = E9E8FF3B2F92BD8700CEA57C /* WallaRobotsTests */;
		};
		E9E8FF762F936FBA00CEA57C /* PBXFileSystemSynchronizedBuildFileExceptionSet */ = {
			isa = PBXFileSystemSynchronizedBuildFileExceptionSet;
			membershipExceptions = (
				Info.plist,
			);
			target = E9E8FF2F2F92BD8600CEA57C /* WallaRobots */;
		};
/* End PBXFileSystemSynchronizedBuildFileExceptionSet section */

/* Begin PBXFileSystemSynchronizedRootGroup section */
		E9E8FF312F92BD8600CEA57C /* WallaRobots */ = {isa = PBXFileSystemSynchronizedRootGroup; exceptions = (E9E8FF762F936FBA00CEA57C /* PBXFileSystemSynchronizedBuildFileExceptionSet */, ); explicitFileTypes = {}; explicitFolders = (); path = WallaRobots; sourceTree = "<group>"; };
		E9E8FF3F2F92BD8700CEA57C /* WallaRobotsTests */ = {isa = PBXFileSystemSynchronizedRootGroup; exceptions = (E94BDA5D2F963B3100D9D1EE /* PBXFileSystemSynchronizedBuildFileExceptionSet */, E964726D2F96EB6800EC7D32 /* PBXFileSystemSynchronizedBuildFileExceptionSet */, ); explicitFileTypes = {}; explicitFolders = (); path = WallaRobotsTests; sourceTree = "<group>"; };
		E9E8FF492F92BD8800CEA57C /* WallaRobotsUITests */ = {isa = PBXFileSystemSynchronizedRootGroup; explicitFileTypes = {}; explicitFolders = (); path = WallaRobotsUITests; sourceTree = "<group>"; };
/* End PBXFileSystemSynchronizedRootGroup section */

/* Begin PBXFrameworksBuildPhase section */
		E9E8FF2D2F92BD8600CEA57C /* Frameworks */ = {
			isa = PBXFrameworksBuildPhase;
			buildActionMask = 2147483647;
			files = (
				E94BDA5B2F96250400D9D1EE /* Kingfisher in Frameworks */,
			);
			runOnlyForDeploymentPostprocessing = 0;
		};
		E9E8FF392F92BD8700CEA57C /* Frameworks */ = {
			isa = PBXFrameworksBuildPhase;
			buildActionMask = 2147483647;
			files = (
				E918B5602F991E6C009520CC /* SnapshotTestingCustomDump in Frameworks */,
				E918B55C2F991E6C009520CC /* InlineSnapshotTesting in Frameworks */,
				E918B55E2F991E6C009520CC /* SnapshotTesting in Frameworks */,
			);
			runOnlyForDeploymentPostprocessing = 0;
		};
		E9E8FF432F92BD8800CEA57C /* Frameworks */ = {
			isa = PBXFrameworksBuildPhase;
			buildActionMask = 2147483647;
			files = (
			);
			runOnlyForDeploymentPostprocessing = 0;
		};
/* End PBXFrameworksBuildPhase section */

/* Begin PBXGroup section */
		1A0E3A8C2862F7E200132FCB = {
			isa = PBXGroup;
			children = (
				E9E8FF312F92BD8600CEA57C /* WallaRobots */,
				E9E8FF3F2F92BD8700CEA57C /* WallaRobotsTests */,
				E9E8FF492F92BD8800CEA57C /* WallaRobotsUITests */,
				E94BDA592F96250400D9D1EE /* Frameworks */,
				1A0E3A962862F7E200132FCB /* Products */,
			);
			sourceTree = "<group>";
		};
		1A0E3A962862F7E200132FCB /* Products */ = {
			isa = PBXGroup;
			children = (
				E9E8FF302F92BD8600CEA57C /* WallaRobots.app */,
				E9E8FF3C2F92BD8700CEA57C /* WallaRobotsTests.xctest */,
				E9E8FF462F92BD8800CEA57C /* WallaRobotsUITests.xctest */,
			);
			name = Products;
			sourceTree = "<group>";
		};
		E94BDA592F96250400D9D1EE /* Frameworks */ = {
			isa = PBXGroup;
			children = (
			);
			name = Frameworks;
			sourceTree = "<group>";
		};
/* End PBXGroup section */

/* Begin PBXNativeTarget section */
		E9E8FF2F2F92BD8600CEA57C /* WallaRobots */ = {
			isa = PBXNativeTarget;
			buildConfigurationList = E9E8FF4E2F92BD8800CEA57C /* Build configuration list for PBXNativeTarget "WallaRobots" */;
			buildPhases = (
				E9E8FF2C2F92BD8600CEA57C /* Sources */,
				E9E8FF2D2F92BD8600CEA57C /* Frameworks */,
				E9E8FF2E2F92BD8600CEA57C /* Resources */,
			);
			buildRules = (
			);
			dependencies = (
			);
			fileSystemSynchronizedGroups = (
				E9E8FF312F92BD8600CEA57C /* WallaRobots */,
			);
			name = WallaRobots;
			packageProductDependencies = (
				E94BDA5A2F96250400D9D1EE /* Kingfisher */,
			);
			productName = WallaRobots;
			productReference = E9E8FF302F92BD8600CEA57C /* WallaRobots.app */;
			productType = "com.apple.product-type.application";
		};
		E9E8FF3B2F92BD8700CEA57C /* WallaRobotsTests */ = {
			isa = PBXNativeTarget;
			buildConfigurationList = E9E8FF512F92BD8800CEA57C /* Build configuration list for PBXNativeTarget "WallaRobotsTests" */;
			buildPhases = (
				E9E8FF382F92BD8700CEA57C /* Sources */,
				E9E8FF392F92BD8700CEA57C /* Frameworks */,
				E9E8FF3A2F92BD8700CEA57C /* Resources */,
			);
			buildRules = (
			);
			dependencies = (
				E9E8FF3E2F92BD8700CEA57C /* PBXTargetDependency */,
			);
			fileSystemSynchronizedGroups = (
				E9E8FF3F2F92BD8700CEA57C /* WallaRobotsTests */,
			);
			name = WallaRobotsTests;
			packageProductDependencies = (
				E918B55B2F991E6C009520CC /* InlineSnapshotTesting */,
				E918B55D2F991E6C009520CC /* SnapshotTesting */,
				E918B55F2F991E6C009520CC /* SnapshotTestingCustomDump */,
			);
			productName = WallaRobotsTests;
			productReference = E9E8FF3C2F92BD8700CEA57C /* WallaRobotsTests.xctest */;
			productType = "com.apple.product-type.bundle.unit-test";
		};
		E9E8FF452F92BD8800CEA57C /* WallaRobotsUITests */ = {
			isa = PBXNativeTarget;
			buildConfigurationList = E9E8FF542F92BD8800CEA57C /* Build configuration list for PBXNativeTarget "WallaRobotsUITests" */;
			buildPhases = (
				E9E8FF422F92BD8800CEA57C /* Sources */,
				E9E8FF432F92BD8800CEA57C /* Frameworks */,
				E9E8FF442F92BD8800CEA57C /* Resources */,
			);
			buildRules = (
			);
			dependencies = (
				E9E8FF482F92BD8800CEA57C /* PBXTargetDependency */,
			);
			fileSystemSynchronizedGroups = (
				E9E8FF492F92BD8800CEA57C /* WallaRobotsUITests */,
			);
			name = WallaRobotsUITests;
			packageProductDependencies = (
			);
			productName = WallaRobotsUITests;
			productReference = E9E8FF462F92BD8800CEA57C /* WallaRobotsUITests.xctest */;
			productType = "com.apple.product-type.bundle.ui-testing";
		};
/* End PBXNativeTarget section */

/* Begin PBXProject section */
		1A0E3A8D2862F7E200132FCB /* Project object */ = {
			isa = PBXProject;
			attributes = {
				BuildIndependentTargetsInParallel = 1;
				LastSwiftUpdateCheck = 2630;
				LastUpgradeCheck = 1340;
				TargetAttributes = {
					E9E8FF2F2F92BD8600CEA57C = {
						CreatedOnToolsVersion = 26.3;
					};
					E9E8FF3B2F92BD8700CEA57C = {
						CreatedOnToolsVersion = 26.3;
						TestTargetID = E9E8FF2F2F92BD8600CEA57C;
					};
					E9E8FF452F92BD8800CEA57C = {
						CreatedOnToolsVersion = 26.3;
						TestTargetID = E9E8FF2F2F92BD8600CEA57C;
					};
				};
			};
			buildConfigurationList = 1A0E3A902862F7E200132FCB /* Build configuration list for PBXProject "WallaRobots" */;
			compatibilityVersion = "Xcode 13.0";
			developmentRegion = en;
			hasScannedForEncodings = 0;
			knownRegions = (
				en,
				Base,
			);
			mainGroup = 1A0E3A8C2862F7E200132FCB;
			packageReferences = (
				A66389F12DCE202500466318 /* XCRemoteSwiftPackageReference "Kingfisher" */,
				E918B55A2F991E6C009520CC /* XCRemoteSwiftPackageReference "swift-snapshot-testing" */,
			);
			productRefGroup = 1A0E3A962862F7E200132FCB /* Products */;
			projectDirPath = "";
			projectRoot = "";
			targets = (
				E9E8FF2F2F92BD8600CEA57C /* WallaRobots */,
				E9E8FF3B2F92BD8700CEA57C /* WallaRobotsTests */,
				E9E8FF452F92BD8800CEA57C /* WallaRobotsUITests */,
			);
		};
/* End PBXProject section */

/* Begin PBXResourcesBuildPhase section */
		E9E8FF2E2F92BD8600CEA57C /* Resources */ = {
			isa = PBXResourcesBuildPhase;
			buildActionMask = 2147483647;
			files = (
			);
			runOnlyForDeploymentPostprocessing = 0;
		};
		E9E8FF3A2F92BD8700CEA57C /* Resources */ = {
			isa = PBXResourcesBuildPhase;
			buildActionMask = 2147483647;
			files = (
			);
			runOnlyForDeploymentPostprocessing = 0;
		};
		E9E8FF442F92BD8800CEA57C /* Resources */ = {
			isa = PBXResourcesBuildPhase;
			buildActionMask = 2147483647;
			files = (
			);
			runOnlyForDeploymentPostprocessing = 0;
		};
/* End PBXResourcesBuildPhase section */

/* Begin PBXSourcesBuildPhase section */
		E9E8FF2C2F92BD8600CEA57C /* Sources */ = {
			isa = PBXSourcesBuildPhase;
			buildActionMask = 2147483647;
			files = (
			);
			runOnlyForDeploymentPostprocessing = 0;
		};
		E9E8FF382F92BD8700CEA57C /* Sources */ = {
			isa = PBXSourcesBuildPhase;
			buildActionMask = 2147483647;
			files = (
			);
			runOnlyForDeploymentPostprocessing = 0;
		};
		E9E8FF422F92BD8800CEA57C /* Sources */ = {
			isa = PBXSourcesBuildPhase;
			buildActionMask = 2147483647;
			files = (
			);
			runOnlyForDeploymentPostprocessing = 0;
		};
/* End PBXSourcesBuildPhase section */

/* Begin PBXTargetDependency section */
		E9E8FF3E2F92BD8700CEA57C /* PBXTargetDependency */ = {
			isa = PBXTargetDependency;
			target = E9E8FF2F2F92BD8600CEA57C /* WallaRobots */;
			targetProxy = E9E8FF3D2F92BD8700CEA57C /* PBXContainerItemProxy */;
		};
		E9E8FF482F92BD8800CEA57C /* PBXTargetDependency */ = {
			isa = PBXTargetDependency;
			target = E9E8FF2F2F92BD8600CEA57C /* WallaRobots */;
			targetProxy = E9E8FF472F92BD8800CEA57C /* PBXContainerItemProxy */;
		};
/* End PBXTargetDependency section */

/* Begin XCBuildConfiguration section */
		1A0E3ABD2862F7E300132FCB /* Debug */ = {
			isa = XCBuildConfiguration;
			buildSettings = {
				ALWAYS_SEARCH_USER_PATHS = NO;
				CLANG_ANALYZER_NONNULL = YES;
				CLANG_ANALYZER_NUMBER_OBJECT_CONVERSION = YES_AGGRESSIVE;
				CLANG_CXX_LANGUAGE_STANDARD = "gnu++17";
				CLANG_ENABLE_MODULES = YES;
				CLANG_ENABLE_OBJC_ARC = YES;
				CLANG_ENABLE_OBJC_WEAK = YES;
				CLANG_WARN_BLOCK_CAPTURE_AUTORELEASING = YES;
				CLANG_WARN_BOOL_CONVERSION = YES;
				CLANG_WARN_COMMA = YES;
				CLANG_WARN_CONSTANT_CONVERSION = YES;
				CLANG_WARN_DEPRECATED_OBJC_IMPLEMENTATIONS = YES;
				CLANG_WARN_DIRECT_OBJC_ISA_USAGE = YES_ERROR;
				CLANG_WARN_DOCUMENTATION_COMMENTS = YES;
				CLANG_WARN_EMPTY_BODY = YES;
				CLANG_WARN_ENUM_CONVERSION = YES;
				CLANG_WARN_INFINITE_RECURSION = YES;
				CLANG_WARN_INT_CONVERSION = YES;
				CLANG_WARN_NON_LITERAL_NULL_CONVERSION = YES;
				CLANG_WARN_OBJC_IMPLICIT_RETAIN_SELF = YES;
				CLANG_WARN_OBJC_LITERAL_CONVERSION = YES;
				CLANG_WARN_OBJC_ROOT_CLASS = YES_ERROR;
				CLANG_WARN_QUOTED_INCLUDE_IN_FRAMEWORK_HEADER = YES;
				CLANG_WARN_RANGE_LOOP_ANALYSIS = YES;
				CLANG_WARN_STRICT_PROTOTYPES = YES;
				CLANG_WARN_SUSPICIOUS_MOVE = YES;
				CLANG_WARN_UNGUARDED_AVAILABILITY = YES_AGGRESSIVE;
				CLANG_WARN_UNREACHABLE_CODE = YES;
				CLANG_WARN__DUPLICATE_METHOD_MATCH = YES;
				COPY_PHASE_STRIP = NO;
				DEBUG_INFORMATION_FORMAT = dwarf;
				ENABLE_STRICT_OBJC_MSGSEND = YES;
				ENABLE_TESTABILITY = YES;
				GCC_C_LANGUAGE_STANDARD = gnu11;
				GCC_DYNAMIC_NO_PIC = NO;
				GCC_NO_COMMON_BLOCKS = YES;
				GCC_OPTIMIZATION_LEVEL = 0;
				GCC_PREPROCESSOR_DEFINITIONS = (
					"DEBUG=1",
					"$(inherited)",
				);
				GCC_WARN_64_TO_32_BIT_CONVERSION = YES;
				GCC_WARN_ABOUT_RETURN_TYPE = YES_ERROR;
				GCC_WARN_UNDECLARED_SELECTOR = YES;
				GCC_WARN_UNINITIALIZED_AUTOS = YES_AGGRESSIVE;
				GCC_WARN_UNUSED_FUNCTION = YES;
				GCC_WARN_UNUSED_VARIABLE = YES;
				IPHONEOS_DEPLOYMENT_TARGET = 17.6;
				MTL_ENABLE_DEBUG_INFO = INCLUDE_SOURCE;
				MTL_FAST_MATH = YES;
				ONLY_ACTIVE_ARCH = YES;
				SDKROOT = iphoneos;
				SWIFT_ACTIVE_COMPILATION_CONDITIONS = DEBUG;
				SWIFT_OPTIMIZATION_LEVEL = "-Onone";
				SWIFT_VERSION = 6.0;
			};
			name = Debug;
		};
		1A0E3ABE2862F7E300132FCB /* Release */ = {
			isa = XCBuildConfiguration;
			buildSettings = {
				ALWAYS_SEARCH_USER_PATHS = NO;
				CLANG_ANALYZER_NONNULL = YES;
				CLANG_ANALYZER_NUMBER_OBJECT_CONVERSION = YES_AGGRESSIVE;
				CLANG_CXX_LANGUAGE_STANDARD = "gnu++17";
				CLANG_ENABLE_MODULES = YES;
				CLANG_ENABLE_OBJC_ARC = YES;
				CLANG_ENABLE_OBJC_WEAK = YES;
				CLANG_WARN_BLOCK_CAPTURE_AUTORELEASING = YES;
				CLANG_WARN_BOOL_CONVERSION = YES;
				CLANG_WARN_COMMA = YES;
				CLANG_WARN_CONSTANT_CONVERSION = YES;
				CLANG_WARN_DEPRECATED_OBJC_IMPLEMENTATIONS = YES;
				CLANG_WARN_DIRECT_OBJC_ISA_USAGE = YES_ERROR;
				CLANG_WARN_DOCUMENTATION_COMMENTS = YES;
				CLANG_WARN_EMPTY_BODY = YES;
				CLANG_WARN_ENUM_CONVERSION = YES;
				CLANG_WARN_INFINITE_RECURSION = YES;
				CLANG_WARN_INT_CONVERSION = YES;
				CLANG_WARN_NON_LITERAL_NULL_CONVERSION = YES;
				CLANG_WARN_OBJC_IMPLICIT_RETAIN_SELF = YES;
				CLANG_WARN_OBJC_LITERAL_CONVERSION = YES;
				CLANG_WARN_OBJC_ROOT_CLASS = YES_ERROR;
				CLANG_WARN_QUOTED_INCLUDE_IN_FRAMEWORK_HEADER = YES;
				CLANG_WARN_RANGE_LOOP_ANALYSIS = YES;
				CLANG_WARN_STRICT_PROTOTYPES = YES;
				CLANG_WARN_SUSPICIOUS_MOVE = YES;
				CLANG_WARN_UNGUARDED_AVAILABILITY = YES_AGGRESSIVE;
				CLANG_WARN_UNREACHABLE_CODE = YES;
				CLANG_WARN__DUPLICATE_METHOD_MATCH = YES;
				COPY_PHASE_STRIP = NO;
				DEBUG_INFORMATION_FORMAT = "dwarf-with-dsym";
				ENABLE_NS_ASSERTIONS = NO;
				ENABLE_STRICT_OBJC_MSGSEND = YES;
				GCC_C_LANGUAGE_STANDARD = gnu11;
				GCC_NO_COMMON_BLOCKS = YES;
				GCC_WARN_64_TO_32_BIT_CONVERSION = YES;
				GCC_WARN_ABOUT_RETURN_TYPE = YES_ERROR;
				GCC_WARN_UNDECLARED_SELECTOR = YES;
				GCC_WARN_UNINITIALIZED_AUTOS = YES_AGGRESSIVE;
				GCC_WARN_UNUSED_FUNCTION = YES;
				GCC_WARN_UNUSED_VARIABLE = YES;
				IPHONEOS_DEPLOYMENT_TARGET = 17.6;
				MTL_ENABLE_DEBUG_INFO = NO;
				MTL_FAST_MATH = YES;
				SDKROOT = iphoneos;
				SWIFT_COMPILATION_MODE = wholemodule;
				SWIFT_OPTIMIZATION_LEVEL = "-O";
				SWIFT_VERSION = 6.0;
				VALIDATE_PRODUCT = YES;
			};
			name = Release;
		};
		E9E8FF4F2F92BD8800CEA57C /* Debug */ = {
			isa = XCBuildConfiguration;
			buildSettings = {
				ASSETCATALOG_COMPILER_APPICON_NAME = AppIcon;
				ASSETCATALOG_COMPILER_GENERATE_SWIFT_ASSET_SYMBOL_EXTENSIONS = YES;
				ASSETCATALOG_COMPILER_GLOBAL_ACCENT_COLOR_NAME = AccentColor;
				CLANG_CXX_LANGUAGE_STANDARD = "gnu++20";
				CODE_SIGN_STYLE = Automatic;
				CURRENT_PROJECT_VERSION = 1;
				ENABLE_PREVIEWS = YES;
				ENABLE_USER_SCRIPT_SANDBOXING = YES;
				GCC_C_LANGUAGE_STANDARD = gnu17;
				GENERATE_INFOPLIST_FILE = YES;
				INFOPLIST_KEY_UIApplicationSceneManifest_Generation = YES;
				INFOPLIST_KEY_UIApplicationSupportsIndirectInputEvents = YES;
				INFOPLIST_KEY_UILaunchScreen_Generation = YES;
				INFOPLIST_KEY_UISupportedInterfaceOrientations_iPad = "UIInterfaceOrientationPortrait UIInterfaceOrientationPortraitUpsideDown UIInterfaceOrientationLandscapeLeft UIInterfaceOrientationLandscapeRight";
				INFOPLIST_KEY_UISupportedInterfaceOrientations_iPhone = "UIInterfaceOrientationPortrait UIInterfaceOrientationLandscapeLeft UIInterfaceOrientationLandscapeRight";
				IPHONEOS_DEPLOYMENT_TARGET = 17.6;
				LD_RUNPATH_SEARCH_PATHS = (
					"$(inherited)",
					"@executable_path/Frameworks",
				);
				LOCALIZATION_PREFERS_STRING_CATALOGS = YES;
				MARKETING_VERSION = 1.0;
				PRODUCT_BUNDLE_IDENTIFIER = com.miguelAngelCabrera.WallaRobots;
				PRODUCT_NAME = "$(TARGET_NAME)";
				STRING_CATALOG_GENERATE_SYMBOLS = YES;
				SWIFT_ACTIVE_COMPILATION_CONDITIONS = "DEBUG $(inherited)";
				SWIFT_APPROACHABLE_CONCURRENCY = YES;
				SWIFT_DEFAULT_ACTOR_ISOLATION = MainActor;
				SWIFT_EMIT_LOC_STRINGS = YES;
				SWIFT_UPCOMING_FEATURE_MEMBER_IMPORT_VISIBILITY = YES;
				SWIFT_VERSION = 6.0;
				TARGETED_DEVICE_FAMILY = "1,2";
			};
			name = Debug;
		};
		E9E8FF502F92BD8800CEA57C /* Release */ = {
			isa = XCBuildConfiguration;
			buildSettings = {
				ASSETCATALOG_COMPILER_APPICON_NAME = AppIcon;
				ASSETCATALOG_COMPILER_GENERATE_SWIFT_ASSET_SYMBOL_EXTENSIONS = YES;
				ASSETCATALOG_COMPILER_GLOBAL_ACCENT_COLOR_NAME = AccentColor;
				CLANG_CXX_LANGUAGE_STANDARD = "gnu++20";
				CODE_SIGN_STYLE = Automatic;
				CURRENT_PROJECT_VERSION = 1;
				ENABLE_PREVIEWS = YES;
				ENABLE_USER_SCRIPT_SANDBOXING = YES;
				GCC_C_LANGUAGE_STANDARD = gnu17;
				GENERATE_INFOPLIST_FILE = YES;
				INFOPLIST_KEY_UIApplicationSceneManifest_Generation = YES;
				INFOPLIST_KEY_UIApplicationSupportsIndirectInputEvents = YES;
				INFOPLIST_KEY_UILaunchScreen_Generation = YES;
				INFOPLIST_KEY_UISupportedInterfaceOrientations_iPad = "UIInterfaceOrientationPortrait UIInterfaceOrientationPortraitUpsideDown UIInterfaceOrientationLandscapeLeft UIInterfaceOrientationLandscapeRight";
				INFOPLIST_KEY_UISupportedInterfaceOrientations_iPhone = "UIInterfaceOrientationPortrait UIInterfaceOrientationLandscapeLeft UIInterfaceOrientationLandscapeRight";
				IPHONEOS_DEPLOYMENT_TARGET = 17.6;
				LD_RUNPATH_SEARCH_PATHS = (
					"$(inherited)",
					"@executable_path/Frameworks",
				);
				LOCALIZATION_PREFERS_STRING_CATALOGS = YES;
				MARKETING_VERSION = 1.0;
				PRODUCT_BUNDLE_IDENTIFIER = com.miguelAngelCabrera.WallaRobots;
				PRODUCT_NAME = "$(TARGET_NAME)";
				STRING_CATALOG_GENERATE_SYMBOLS = YES;
				SWIFT_APPROACHABLE_CONCURRENCY = YES;
				SWIFT_DEFAULT_ACTOR_ISOLATION = MainActor;
				SWIFT_EMIT_LOC_STRINGS = YES;
				SWIFT_UPCOMING_FEATURE_MEMBER_IMPORT_VISIBILITY = YES;
				SWIFT_VERSION = 6.0;
				TARGETED_DEVICE_FAMILY = "1,2";
			};
			name = Release;
		};
		E9E8FF522F92BD8800CEA57C /* Debug */ = {
			isa = XCBuildConfiguration;
			buildSettings = {
				ASSETCATALOG_COMPILER_GENERATE_SWIFT_ASSET_SYMBOL_EXTENSIONS = YES;
				BUNDLE_LOADER = "$(TEST_HOST)";
				CLANG_CXX_LANGUAGE_STANDARD = "gnu++20";
				CODE_SIGN_STYLE = Automatic;
				CURRENT_PROJECT_VERSION = 1;
				ENABLE_USER_SCRIPT_SANDBOXING = YES;
				GCC_C_LANGUAGE_STANDARD = gnu17;
				GENERATE_INFOPLIST_FILE = YES;
				IPHONEOS_DEPLOYMENT_TARGET = 26.2;
				LOCALIZATION_PREFERS_STRING_CATALOGS = YES;
				MARKETING_VERSION = 1.0;
				PRODUCT_BUNDLE_IDENTIFIER = com.miguelAngelCabrera.WallaRobotsTests;
				PRODUCT_NAME = "$(TARGET_NAME)";
				STRING_CATALOG_GENERATE_SYMBOLS = NO;
				SWIFT_ACTIVE_COMPILATION_CONDITIONS = "DEBUG $(inherited)";
				SWIFT_APPROACHABLE_CONCURRENCY = YES;
				SWIFT_EMIT_LOC_STRINGS = NO;
				SWIFT_UPCOMING_FEATURE_MEMBER_IMPORT_VISIBILITY = YES;
				SWIFT_VERSION = 6.0;
				TARGETED_DEVICE_FAMILY = "1,2";
				TEST_HOST = "$(BUILT_PRODUCTS_DIR)/WallaRobots.app/$(BUNDLE_EXECUTABLE_FOLDER_PATH)/WallaRobots";
			};
			name = Debug;
		};
		E9E8FF532F92BD8800CEA57C /* Release */ = {
			isa = XCBuildConfiguration;
			buildSettings = {
				ASSETCATALOG_COMPILER_GENERATE_SWIFT_ASSET_SYMBOL_EXTENSIONS = YES;
				BUNDLE_LOADER = "$(TEST_HOST)";
				CLANG_CXX_LANGUAGE_STANDARD = "gnu++20";
				CODE_SIGN_STYLE = Automatic;
				CURRENT_PROJECT_VERSION = 1;
				ENABLE_USER_SCRIPT_SANDBOXING = YES;
				GCC_C_LANGUAGE_STANDARD = gnu17;
				GENERATE_INFOPLIST_FILE = YES;
				IPHONEOS_DEPLOYMENT_TARGET = 26.2;
				LOCALIZATION_PREFERS_STRING_CATALOGS = YES;
				MARKETING_VERSION = 1.0;
				PRODUCT_BUNDLE_IDENTIFIER = com.miguelAngelCabrera.WallaRobotsTests;
				PRODUCT_NAME = "$(TARGET_NAME)";
				STRING_CATALOG_GENERATE_SYMBOLS = NO;
				SWIFT_APPROACHABLE_CONCURRENCY = YES;
				SWIFT_EMIT_LOC_STRINGS = NO;
				SWIFT_UPCOMING_FEATURE_MEMBER_IMPORT_VISIBILITY = YES;
				SWIFT_VERSION = 6.0;
				TARGETED_DEVICE_FAMILY = "1,2";
				TEST_HOST = "$(BUILT_PRODUCTS_DIR)/WallaRobots.app/$(BUNDLE_EXECUTABLE_FOLDER_PATH)/WallaRobots";
			};
			name = Release;
		};
		E9E8FF552F92BD8800CEA57C /* Debug */ = {
			isa = XCBuildConfiguration;
			buildSettings = {
				ASSETCATALOG_COMPILER_GENERATE_SWIFT_ASSET_SYMBOL_EXTENSIONS = YES;
				CLANG_CXX_LANGUAGE_STANDARD = "gnu++20";
				CODE_SIGN_STYLE = Automatic;
				CURRENT_PROJECT_VERSION = 1;
				ENABLE_USER_SCRIPT_SANDBOXING = YES;
				GCC_C_LANGUAGE_STANDARD = gnu17;
				GENERATE_INFOPLIST_FILE = YES;
				IPHONEOS_DEPLOYMENT_TARGET = 26.2;
				LOCALIZATION_PREFERS_STRING_CATALOGS = YES;
				MARKETING_VERSION = 1.0;
				PRODUCT_BUNDLE_IDENTIFIER = com.miguelAngelCabrera.WallaRobotsUITests;
				PRODUCT_NAME = "$(TARGET_NAME)";
				STRING_CATALOG_GENERATE_SYMBOLS = NO;
				SWIFT_ACTIVE_COMPILATION_CONDITIONS = "DEBUG $(inherited)";
				SWIFT_APPROACHABLE_CONCURRENCY = YES;
				SWIFT_EMIT_LOC_STRINGS = NO;
				SWIFT_UPCOMING_FEATURE_MEMBER_IMPORT_VISIBILITY = YES;
				SWIFT_VERSION = 5.0;
				TARGETED_DEVICE_FAMILY = "1,2";
				TEST_TARGET_NAME = WallaRobots;
			};
			name = Debug;
		};
		E9E8FF562F92BD8800CEA57C /* Release */ = {
			isa = XCBuildConfiguration;
			buildSettings = {
				ASSETCATALOG_COMPILER_GENERATE_SWIFT_ASSET_SYMBOL_EXTENSIONS = YES;
				CLANG_CXX_LANGUAGE_STANDARD = "gnu++20";
				CODE_SIGN_STYLE = Automatic;
				CURRENT_PROJECT_VERSION = 1;
				ENABLE_USER_SCRIPT_SANDBOXING = YES;
				GCC_C_LANGUAGE_STANDARD = gnu17;
				GENERATE_INFOPLIST_FILE = YES;
				IPHONEOS_DEPLOYMENT_TARGET = 26.2;
				LOCALIZATION_PREFERS_STRING_CATALOGS = YES;
				MARKETING_VERSION = 1.0;
				PRODUCT_BUNDLE_IDENTIFIER = com.miguelAngelCabrera.WallaRobotsUITests;
				PRODUCT_NAME = "$(TARGET_NAME)";
				STRING_CATALOG_GENERATE_SYMBOLS = NO;
				SWIFT_APPROACHABLE_CONCURRENCY = YES;
				SWIFT_EMIT_LOC_STRINGS = NO;
				SWIFT_UPCOMING_FEATURE_MEMBER_IMPORT_VISIBILITY = YES;
				SWIFT_VERSION = 5.0;
				TARGETED_DEVICE_FAMILY = "1,2";
				TEST_TARGET_NAME = WallaRobots;
			};
			name = Release;
		};
/* End XCBuildConfiguration section */

/* Begin XCConfigurationList section */
		1A0E3A902862F7E200132FCB /* Build configuration list for PBXProject "WallaRobots" */ = {
			isa = XCConfigurationList;
			buildConfigurations = (
				1A0E3ABD2862F7E300132FCB /* Debug */,
				1A0E3ABE2862F7E300132FCB /* Release */,
			);
			defaultConfigurationIsVisible = 0;
			defaultConfigurationName = Release;
		};
		E9E8FF4E2F92BD8800CEA57C /* Build configuration list for PBXNativeTarget "WallaRobots" */ = {
			isa = XCConfigurationList;
			buildConfigurations = (
				E9E8FF4F2F92BD8800CEA57C /* Debug */,
				E9E8FF502F92BD8800CEA57C /* Release */,
			);
			defaultConfigurationIsVisible = 0;
			defaultConfigurationName = Release;
		};
		E9E8FF512F92BD8800CEA57C /* Build configuration list for PBXNativeTarget "WallaRobotsTests" */ = {
			isa = XCConfigurationList;
			buildConfigurations = (
				E9E8FF522F92BD8800CEA57C /* Debug */,
				E9E8FF532F92BD8800CEA57C /* Release */,
			);
			defaultConfigurationIsVisible = 0;
			defaultConfigurationName = Release;
		};
		E9E8FF542F92BD8800CEA57C /* Build configuration list for PBXNativeTarget "WallaRobotsUITests" */ = {
			isa = XCConfigurationList;
			buildConfigurations = (
				E9E8FF552F92BD8800CEA57C /* Debug */,
				E9E8FF562F92BD8800CEA57C /* Release */,
			);
			defaultConfigurationIsVisible = 0;
			defaultConfigurationName = Release;
		};
/* End XCConfigurationList section */

/* Begin XCRemoteSwiftPackageReference section */
		A66389F12DCE202500466318 /* XCRemoteSwiftPackageReference "Kingfisher" */ = {
			isa = XCRemoteSwiftPackageReference;
			repositoryURL = "https://github.com/onevcat/Kingfisher.git";
			requirement = {
				kind = upToNextMajorVersion;
				minimumVersion = 7.2.4;
			};
		};
		E918B55A2F991E6C009520CC /* XCRemoteSwiftPackageReference "swift-snapshot-testing" */ = {
			isa = XCRemoteSwiftPackageReference;
			repositoryURL = "https://github.com/pointfreeco/swift-snapshot-testing";
			requirement = {
				kind = upToNextMajorVersion;
				minimumVersion = 1.19.2;
			};
		};
/* End XCRemoteSwiftPackageReference section */

/* Begin XCSwiftPackageProductDependency section */
		E918B55B2F991E6C009520CC /* InlineSnapshotTesting */ = {
			isa = XCSwiftPackageProductDependency;
			package = E918B55A2F991E6C009520CC /* XCRemoteSwiftPackageReference "swift-snapshot-testing" */;
			productName = InlineSnapshotTesting;
		};
		E918B55D2F991E6C009520CC /* SnapshotTesting */ = {
			isa = XCSwiftPackageProductDependency;
			package = E918B55A2F991E6C009520CC /* XCRemoteSwiftPackageReference "swift-snapshot-testing" */;
			productName = SnapshotTesting;
		};
		E918B55F2F991E6C009520CC /* SnapshotTestingCustomDump */ = {
			isa = XCSwiftPackageProductDependency;
			package = E918B55A2F991E6C009520CC /* XCRemoteSwiftPackageReference "swift-snapshot-testing" */;
			productName = SnapshotTestingCustomDump;
		};
		E94BDA5A2F96250400D9D1EE /* Kingfisher */ = {
			isa = XCSwiftPackageProductDependency;
			package = A66389F12DCE202500466318 /* XCRemoteSwiftPackageReference "Kingfisher" */;
			productName = Kingfisher;
		};
/* End XCSwiftPackageProductDependency section */
	};
	rootObject = 1A0E3A8D2862F7E200132FCB /* Project object */;
}
